// !$*UTF8*$!
{
	archiveVersion = 1;
	classes = {
	};
	objectVersion = 46;
	objects = {

/* Begin PBXBuildFile section */
		75ACD7431CF05EF200C87C6F /* main.m in Sources */ = {isa = PBXBuildFile; fileRef = 75ACD7421CF05EF200C87C6F /* main.m */; };
		75ACD7461CF05EF200C87C6F /* AppDelegate.m in Sources */ = {isa = PBXBuildFile; fileRef = 75ACD7451CF05EF200C87C6F /* AppDelegate.m */; };
		75ACD7491CF05EF200C87C6F /* ViewController.m in Sources */ = {isa = PBXBuildFile; fileRef = 75ACD7481CF05EF200C87C6F /* ViewController.m */; };
		75ACD74C1CF05EF200C87C6F /* Main.storyboard in Resources */ = {isa = PBXBuildFile; fileRef = 75ACD74A1CF05EF200C87C6F /* Main.storyboard */; };
		75ACD74F1CF05EF200C87C6F /* iTunesSearch.xcdatamodeld in Sources */ = {isa = PBXBuildFile; fileRef = 75ACD74D1CF05EF200C87C6F /* iTunesSearch.xcdatamodeld */; };
		75ACD7511CF05EF200C87C6F /* Assets.xcassets in Resources */ = {isa = PBXBuildFile; fileRef = 75ACD7501CF05EF200C87C6F /* Assets.xcassets */; };
		75ACD7541CF05EF200C87C6F /* LaunchScreen.storyboard in Resources */ = {isa = PBXBuildFile; fileRef = 75ACD7521CF05EF200C87C6F /* LaunchScreen.storyboard */; };
		75ACD75F1CF05EF200C87C6F /* iTunesSearchTests.m in Sources */ = {isa = PBXBuildFile; fileRef = 75ACD75E1CF05EF200C87C6F /* iTunesSearchTests.m */; };
/* End PBXBuildFile section */

/* Begin PBXContainerItemProxy section */
		75ACD75B1CF05EF200C87C6F /* PBXContainerItemProxy */ = {
			isa = PBXContainerItemProxy;
			containerPortal = 75ACD7361CF05EF200C87C6F /* Project object */;
			proxyType = 1;
			remoteGlobalIDString = 75ACD73D1CF05EF200C87C6F;
			remoteInfo = iTunesSearch;
		};
/* End PBXContainerItemProxy section */

/* Begin PBXFileReference section */
		75ACD73E1CF05EF200C87C6F /* iTunesSearch.app */ = {isa = PBXFileReference; explicitFileType = wrapper.application; includeInIndex = 0; path = iTunesSearch.app; sourceTree = BUILT_PRODUCTS_DIR; };
		75ACD7421CF05EF200C87C6F /* main.m */ = {isa = PBXFileReference; lastKnownFileType = sourcecode.c.objc; path = main.m; sourceTree = "<group>"; };
		75ACD7441CF05EF200C87C6F /* AppDelegate.h */ = {isa = PBXFileReference; lastKnownFileType = sourcecode.c.h; path = AppDelegate.h; sourceTree = "<group>"; };
		75ACD7451CF05EF200C87C6F /* AppDelegate.m */ = {isa = PBXFileReference; lastKnownFileType = sourcecode.c.objc; path = AppDelegate.m; sourceTree = "<group>"; };
		75ACD7471CF05EF200C87C6F /* ViewController.h */ = {isa = PBXFileReference; lastKnownFileType = sourcecode.c.h; path = ViewController.h; sourceTree = "<group>"; };
		75ACD7481CF05EF200C87C6F /* ViewController.m */ = {isa = PBXFileReference; lastKnownFileType = sourcecode.c.objc; path = ViewController.m; sourceTree = "<group>"; };
		75ACD74B1CF05EF200C87C6F /* Base */ = {isa = PBXFileReference; lastKnownFileType = file.storyboard; name = Base; path = Base.lproj/Main.storyboard; sourceTree = "<group>"; };
		75ACD74E1CF05EF200C87C6F /* iTunesSearch.xcdatamodel */ = {isa = PBXFileReference; lastKnownFileType = wrapper.xcdatamodel; path = iTunesSearch.xcdatamodel; sourceTree = "<group>"; };
		75ACD7501CF05EF200C87C6F /* Assets.xcassets */ = {isa = PBXFileReference; lastKnownFileType = folder.assetcatalog; path = Assets.xcassets; sourceTree = "<group>"; };
		75ACD7531CF05EF200C87C6F /* Base */ = {isa = PBXFileReference; lastKnownFileType = file.storyboard; name = Base; path = Base.lproj/LaunchScreen.storyboard; sourceTree = "<group>"; };
		75ACD7551CF05EF200C87C6F /* Info.plist */ = {isa = PBXFileReference; lastKnownFileType = text.plist.xml; path = Info.plist; sourceTree = "<group>"; };
		75ACD75A1CF05EF200C87C6F /* iTunesSearchTests.xctest */ = {isa = PBXFileReference; explicitFileType = wrapper.cfbundle; includeInIndex = 0; path = iTunesSearchTests.xctest; sourceTree = BUILT_PRODUCTS_DIR; };
		75ACD75E1CF05EF200C87C6F /* iTunesSearchTests.m */ = {isa = PBXFileReference; lastKnownFileType = sourcecode.c.objc; path = iTunesSearchTests.m; sourceTree = "<group>"; };
		75ACD7601CF05EF200C87C6F /* Info.plist */ = {isa = PBXFileReference; lastKnownFileType = text.plist.xml; path = Info.plist; sourceTree = "<group>"; };
/* End PBXFileReference section */

/* Begin PBXFrameworksBuildPhase section */
		75ACD73B1CF05EF200C87C6F /* Frameworks */ = {
			isa = PBXFrameworksBuildPhase;
			buildActionMask = 2147483647;
			files = (
			);
			runOnlyForDeploymentPostprocessing = 0;
		};
		75ACD7571CF05EF200C87C6F /* Frameworks */ = {
			isa = PBXFrameworksBuildPhase;
			buildActionMask = 2147483647;
			files = (
			);
			runOnlyForDeploymentPostprocessing = 0;
		};
/* End PBXFrameworksBuildPhase section */

/* Begin PBXGroup section */
		75ACD7351CF05EF200C87C6F = {
			isa = PBXGroup;
			children = (
				75ACD7401CF05EF200C87C6F /* iTunesSearch */,
				75ACD75D1CF05EF200C87C6F /* iTunesSearchTests */,
				75ACD73F1CF05EF200C87C6F /* Products */,
			);
			sourceTree = "<group>";
		};
		75ACD73F1CF05EF200C87C6F /* Products */ = {
			isa = PBXGroup;
			children = (
				75ACD73E1CF05EF200C87C6F /* iTunesSearch.app */,
				75ACD75A1CF05EF200C87C6F /* iTunesSearchTests.xctest */,
			);
			name = Products;
			sourceTree = "<group>";
		};
		75ACD7401CF05EF200C87C6F /* iTunesSearch */ = {
			isa = PBXGroup;
			children = (
				75ACD7441CF05EF200C87C6F /* AppDelegate.h */,
				75ACD7451CF05EF200C87C6F /* AppDelegate.m */,
				75ACD7471CF05EF200C87C6F /* ViewController.h */,
				75ACD7481CF05EF200C87C6F /* ViewController.m */,
				75ACD74A1CF05EF200C87C6F /* Main.storyboard */,
				75ACD7501CF05EF200C87C6F /* Assets.xcassets */,
				75ACD7521CF05EF200C87C6F /* LaunchScreen.storyboard */,
				75ACD7551CF05EF200C87C6F /* Info.plist */,
				75ACD74D1CF05EF200C87C6F /* iTunesSearch.xcdatamodeld */,
				75ACD7411CF05EF200C87C6F /* Supporting Files */,
			);
			path = iTunesSearch;
			sourceTree = "<group>";
		};
		75ACD7411CF05EF200C87C6F /* Supporting Files */ = {
			isa = PBXGroup;
			children = (
				75ACD7421CF05EF200C87C6F /* main.m */,
			);
			name = "Supporting Files";
			sourceTree = "<group>";
		};
		75ACD75D1CF05EF200C87C6F /* iTunesSearchTests */ = {
			isa = PBXGroup;
			children = (
				75ACD75E1CF05EF200C87C6F /* iTunesSearchTests.m */,
				75ACD7601CF05EF200C87C6F /* Info.plist */,
			);
			path = iTunesSearchTests;
			sourceTree = "<group>";
		};
/* End PBXGroup section */

/* Begin PBXNativeTarget section */
		75ACD73D1CF05EF200C87C6F /* iTunesSearch */ = {
			isa = PBXNativeTarget;
			buildConfigurationList = 75ACD7631CF05EF200C87C6F /* Build configuration list for PBXNativeTarget "iTunesSearch" */;
			buildPhases = (
				75ACD73A1CF05EF200C87C6F /* Sources */,
				75ACD73B1CF05EF200C87C6F /* Frameworks */,
				75ACD73C1CF05EF200C87C6F /* Resources */,
			);
			buildRules = (
			);
			dependencies = (
			);
			name = iTunesSearch;
			productName = iTunesSearch;
			productReference = 75ACD73E1CF05EF200C87C6F /* iTunesSearch.app */;
			productType = "com.apple.product-type.application";
		};
		75ACD7591CF05EF200C87C6F /* iTunesSearchTests */ = {
			isa = PBXNativeTarget;
			buildConfigurationList = 75ACD7661CF05EF200C87C6F /* Build configuration list for PBXNativeTarget "iTunesSearchTests" */;
			buildPhases = (
				75ACD7561CF05EF200C87C6F /* Sources */,
				75ACD7571CF05EF200C87C6F /* Frameworks */,
				75ACD7581CF05EF200C87C6F /* Resources */,
			);
			buildRules = (
			);
			dependencies = (
				75ACD75C1CF05EF200C87C6F /* PBXTargetDependency */,
			);
			name = iTunesSearchTests;
			productName = iTunesSearchTests;
			productReference = 75ACD75A1CF05EF200C87C6F /* iTunesSearchTests.xctest */;
			productType = "com.apple.product-type.bundle.unit-test";
		};
/* End PBXNativeTarget section */

/* Begin PBXProject section */
		75ACD7361CF05EF200C87C6F /* Project object */ = {
			isa = PBXProject;
			attributes = {
				LastUpgradeCheck = 0720;
				ORGANIZATIONNAME = Farid;
				TargetAttributes = {
					75ACD73D1CF05EF200C87C6F = {
						CreatedOnToolsVersion = 7.2.1;
					};
					75ACD7591CF05EF200C87C6F = {
						CreatedOnToolsVersion = 7.2.1;
						TestTargetID = 75ACD73D1CF05EF200C87C6F;
					};
				};
			};
			buildConfigurationList = 75ACD7391CF05EF200C87C6F /* Build configuration list for PBXProject "iTunesSearch" */;
			compatibilityVersion = "Xcode 3.2";
			developmentRegion = English;
			hasScannedForEncodings = 0;
			knownRegions = (
				en,
				Base,
			);
			mainGroup = 75ACD7351CF05EF200C87C6F;
			productRefGroup = 75ACD73F1CF05EF200C87C6F /* Products */;
			projectDirPath = "";
			projectRoot = "";
			targets = (
				75ACD73D1CF05EF200C87C6F /* iTunesSearch */,
				75ACD7591CF05EF200C87C6F /* iTunesSearchTests */,
			);
		};
/* End PBXProject section */

/* Begin PBXResourcesBuildPhase section */
		75ACD73C1CF05EF200C87C6F /* Resources */ = {
			isa = PBXResourcesBuildPhase;
			buildActionMask = 2147483647;
			files = (
				75ACD7541CF05EF200C87C6F /* LaunchScreen.storyboard in Resources */,
				75ACD7511CF05EF200C87C6F /* Assets.xcassets in Resources */,
				75ACD74C1CF05EF200C87C6F /* Main.storyboard in Resources */,
			);
			runOnlyForDeploymentPostprocessing = 0;
		};
		75ACD7581CF05EF200C87C6F /* Resources */ = {
			isa = PBXResourcesBuildPhase;
			buildActionMask = 2147483647;
			files = (
			);
			runOnlyForDeploymentPostprocessing = 0;
		};
/* End PBXResourcesBuildPhase section */

/* Begin PBXSourcesBuildPhase section */
		75ACD73A1CF05EF200C87C6F /* Sources */ = {
			isa = PBXSourcesBuildPhase;
			buildActionMask = 2147483647;
			files = (
				75ACD7491CF05EF200C87C6F /* ViewController.m in Sources */,
				75ACD7461CF05EF200C87C6F /* AppDelegate.m in Sources */,
				75ACD7431CF05EF200C87C6F /* main.m in Sources */,
				75ACD74F1CF05EF200C87C6F /* iTunesSearch.xcdatamodeld in Sources */,
			);
			runOnlyForDeploymentPostprocessing = 0;
		};
		75ACD7561CF05EF200C87C6F /* Sources */ = {
			isa = PBXSourcesBuildPhase;
			buildActionMask = 2147483647;
			files = (
				75ACD75F1CF05EF200C87C6F /* iTunesSearchTests.m in Sources */,
			);
			runOnlyForDeploymentPostprocessing = 0;
		};
/* End PBXSourcesBuildPhase section */

/* Begin PBXTargetDependency section */
		75ACD75C1CF05EF200C87C6F /* PBXTargetDependency */ = {
			isa = PBXTargetDependency;
			target = 75ACD73D1CF05EF200C87C6F /* iTunesSearch */;
			targetProxy = 75ACD75B1CF05EF200C87C6F /* PBXContainerItemProxy */;
		};
/* End PBXTargetDependency section */

/* Begin PBXVariantGroup section */
		75ACD74A1CF05EF200C87C6F /* Main.storyboard */ = {
			isa = PBXVariantGroup;
			children = (
				75ACD74B1CF05EF200C87C6F /* Base */,
			);
			name = Main.storyboard;
			sourceTree = "<group>";
		};
		75ACD7521CF05EF200C87C6F /* LaunchScreen.storyboard */ = {
			isa = PBXVariantGroup;
			children = (
				75ACD7531CF05EF200C87C6F /* Base */,
			);
			name = LaunchScreen.storyboard;
			sourceTree = "<group>";
		};
/* End PBXVariantGroup section */

/* Begin XCBuildConfiguration section */
		75ACD7611CF05EF200C87C6F /* Debug */ = {
			isa = XCBuildConfiguration;
			buildSettings = {
				ALWAYS_SEARCH_USER_PATHS = NO;
				CLANG_CXX_LANGUAGE_STANDARD = "gnu++0x";
				CLANG_CXX_LIBRARY = "libc++";
				CLANG_ENABLE_MODULES = YES;
				CLANG_ENABLE_OBJC_ARC = YES;
				CLANG_WARN_BOOL_CONVERSION = YES;
				CLANG_WARN_CONSTANT_CONVERSION = YES;
				CLANG_WARN_DIRECT_OBJC_ISA_USAGE = YES_ERROR;
				CLANG_WARN_EMPTY_BODY = YES;
				CLANG_WARN_ENUM_CONVERSION = YES;
				CLANG_WARN_INT_CONVERSION = YES;
				CLANG_WARN_OBJC_ROOT_CLASS = YES_ERROR;
				CLANG_WARN_UNREACHABLE_CODE = YES;
				CLANG_WARN__DUPLICATE_METHOD_MATCH = YES;
				"CODE_SIGN_IDENTITY[sdk=iphoneos*]" = "iPhone Developer";
				COPY_PHASE_STRIP = NO;
				DEBUG_INFORMATION_FORMAT = dwarf;
				ENABLE_STRICT_OBJC_MSGSEND = YES;
				ENABLE_TESTABILITY = YES;
				GCC_C_LANGUAGE_STANDARD = gnu99;
				GCC_DYNAMIC_NO_PIC = NO;
				GCC_NO_COMMON_BLOCKS = YES;
				GCC_OPTIMIZATION_LEVEL = 0;
				GCC_PREPROCESSOR_DEFINITIONS = (
					"DEBUG=1",
					"$(inherited)",
				);
				GCC_WARN_64_TO_32_BIT_CONVERSION = YES;
				GCC_WARN_ABOUT_RETURN_TYPE = YES_ERROR;
				GCC_WARN_UNDECLARED_SELECTOR = YES;
				GCC_WARN_UNINITIALIZED_AUTOS = YES_AGGRESSIVE;
				GCC_WARN_UNUSED_FUNCTION = YES;
				GCC_WARN_UNUSED_VARIABLE = YES;
				IPHONEOS_DEPLOYMENT_TARGET = 9.2;
				MTL_ENABLE_DEBUG_INFO = YES;
				ONLY_ACTIVE_ARCH = YES;
				SDKROOT = iphoneos;
				TARGETED_DEVICE_FAMILY = "1,2";
			};
			name = Debug;
		};
		75ACD7621CF05EF200C87C6F /* Release */ = {
			isa = XCBuildConfiguration;
			buildSettings = {
				ALWAYS_SEARCH_USER_PATHS = NO;
				CLANG_CXX_LANGUAGE_STANDARD = "gnu++0x";
				CLANG_CXX_LIBRARY = "libc++";
				CLANG_ENABLE_MODULES = YES;
				CLANG_ENABLE_OBJC_ARC = YES;
				CLANG_WARN_BOOL_CONVERSION = YES;
				CLANG_WARN_CONSTANT_CONVERSION = YES;
				CLANG_WARN_DIRECT_OBJC_ISA_USAGE = YES_ERROR;
				CLANG_WARN_EMPTY_BODY = YES;
				CLANG_WARN_ENUM_CONVERSION = YES;
				CLANG_WARN_INT_CONVERSION = YES;
				CLANG_WARN_OBJC_ROOT_CLASS = YES_ERROR;
				CLANG_WARN_UNREACHABLE_CODE = YES;
				CLANG_WARN__DUPLICATE_METHOD_MATCH = YES;
				"CODE_SIGN_IDENTITY[sdk=iphoneos*]" = "iPhone Developer";
				COPY_PHASE_STRIP = NO;
				DEBUG_INFORMATION_FORMAT = "dwarf-with-dsym";
				ENABLE_NS_ASSERTIONS = NO;
				ENABLE_STRICT_OBJC_MSGSEND = YES;
				GCC_C_LANGUAGE_STANDARD = gnu99;
				GCC_NO_COMMON_BLOCKS = YES;
				GCC_WARN_64_TO_32_BIT_CONVERSION = YES;
				GCC_WARN_ABOUT_RETURN_TYPE = YES_ERROR;
				GCC_WARN_UNDECLARED_SELECTOR = YES;
				GCC_WARN_UNINITIALIZED_AUTOS = YES_AGGRESSIVE;
				GCC_WARN_UNUSED_FUNCTION = YES;
				GCC_WARN_UNUSED_VARIABLE = YES;
				IPHONEOS_DEPLOYMENT_TARGET = 9.2;
				MTL_ENABLE_DEBUG_INFO = NO;
				SDKROOT = iphoneos;
				TARGETED_DEVICE_FAMILY = "1,2";
				VALIDATE_PRODUCT = YES;
			};
			name = Release;
		};
		75ACD7641CF05EF200C87C6F /* Debug */ = {
			isa = XCBuildConfiguration;
			buildSettings = {
				ASSETCATALOG_COMPILER_APPICON_NAME = AppIcon;
				INFOPLIST_FILE = iTunesSearch/Info.plist;
				LD_RUNPATH_SEARCH_PATHS = "$(inherited) @executable_path/Frameworks";
				PRODUCT_BUNDLE_IDENTIFIER = com.farid.iTunesSearch;
				PRODUCT_NAME = "$(TARGET_NAME)";
			};
			name = Debug;
		};
		75ACD7651CF05EF200C87C6F /* Release */ = {
			isa = XCBuildConfiguration;
			buildSettings = {
				ASSETCATALOG_COMPILER_APPICON_NAME = AppIcon;
				INFOPLIST_FILE = iTunesSearch/Info.plist;
				LD_RUNPATH_SEARCH_PATHS = "$(inherited) @executable_path/Frameworks";
				PRODUCT_BUNDLE_IDENTIFIER = com.farid.iTunesSearch;
				PRODUCT_NAME = "$(TARGET_NAME)";
			};
			name = Release;
		};
		75ACD7671CF05EF200C87C6F /* Debug */ = {
			isa = XCBuildConfiguration;
			buildSettings = {
				BUNDLE_LOADER = "$(TEST_HOST)";
				INFOPLIST_FILE = iTunesSearchTests/Info.plist;
				LD_RUNPATH_SEARCH_PATHS = "$(inherited) @executable_path/Frameworks @loader_path/Frameworks";
				PRODUCT_BUNDLE_IDENTIFIER = com.farid.iTunesSearchTests;
				PRODUCT_NAME = "$(TARGET_NAME)";
				TEST_HOST = "$(BUILT_PRODUCTS_DIR)/iTunesSearch.app/iTunesSearch";
			};
			name = Debug;
		};
		75ACD7681CF05EF200C87C6F /* Release */ = {
			isa = XCBuildConfiguration;
			buildSettings = {
				BUNDLE_LOADER = "$(TEST_HOST)";
				INFOPLIST_FILE = iTunesSearchTests/Info.plist;
				LD_RUNPATH_SEARCH_PATHS = "$(inherited) @executable_path/Frameworks @loader_path/Frameworks";
				PRODUCT_BUNDLE_IDENTIFIER = com.farid.iTunesSearchTests;
				PRODUCT_NAME = "$(TARGET_NAME)";
				TEST_HOST = "$(BUILT_PRODUCTS_DIR)/iTunesSearch.app/iTunesSearch";
			};
			name = Release;
		};
/* End XCBuildConfiguration section */

/* Begin XCConfigurationList section */
		75ACD7391CF05EF200C87C6F /* Build configuration list for PBXProject "iTunesSearch" */ = {
			isa = XCConfigurationList;
			buildConfigurations = (
				75ACD7611CF05EF200C87C6F /* Debug */,
				75ACD7621CF05EF200C87C6F /* Release */,
			);
			defaultConfigurationIsVisible = 0;
			defaultConfigurationName = Release;
		};
		75ACD7631CF05EF200C87C6F /* Build configuration list for PBXNativeTarget "iTunesSearch" */ = {
			isa = XCConfigurationList;
			buildConfigurations = (
				75ACD7641CF05EF200C87C6F /* Debug */,
				75ACD7651CF05EF200C87C6F /* Release */,
			);
			defaultConfigurationIsVisible = 0;
		};
		75ACD7661CF05EF200C87C6F /* Build configuration list for PBXNativeTarget "iTunesSearchTests" */ = {
			isa = XCConfigurationList;
			buildConfigurations = (
				75ACD7671CF05EF200C87C6F /* Debug */,
				75ACD7681CF05EF200C87C6F /* Release */,
			);
			defaultConfigurationIsVisible = 0;
		};
/* End XCConfigurationList section */

/* Begin XCVersionGroup section */
		75ACD74D1CF05EF200C87C6F /* iTunesSearch.xcdatamodeld */ = {
			isa = XCVersionGroup;
			children = (
				75ACD74E1CF05EF200C87C6F /* iTunesSearch.xcdatamodel */,
			);
			currentVersion = 75ACD74E1CF05EF200C87C6F /* iTunesSearch.xcdatamodel */;
			path = iTunesSearch.xcdatamodeld;
			sourceTree = "<group>";
			versionGroupType = wrapper.xcdatamodel;
		};
/* End XCVersionGroup section */
	};
	rootObject = 75ACD7361CF05EF200C87C6F /* Project object */;
}
